
Microsoft Visual Studio Solution File, Format Version 11.00
# Visual Studio 2010
Project("{FAE04EC0-301F-11D3-BF4B-00C04F79EFBC}") = "ImageOptiz", "ImageOptiz\ImageOptiz.csproj", "{2DF69298-42B2-4C8B-A82B-C12D82D34DF3}"
EndProject
Global
	GlobalSection(SolutionConfigurationPlatforms) = preSolution
		Debug|Any CPU = Debug|Any CPU
		Release|Any CPU = Release|Any CPU
	EndGlobalSection
	GlobalSection(ProjectConfigurationPlatforms) = postSolution
		{2DF69298-42B2-4C8B-A82B-C12D82D34DF3}.Debug|Any CPU.ActiveCfg = Debug|Any CPU
		{2DF69298-42B2-4C8B-A82B-C12D82D34DF3}.Debug|Any CPU.Build.0 = Debug|Any CPU
		{2DF69298-42B2-4C8B-A82B-C12D82D34DF3}.Release|Any CPU.ActiveCfg = Release|Any CPU
		{2DF69298-42B2-4C8B-A82B-C12D82D34DF3}.Release|Any CPU.Build.0 = Release|Any CPU
	EndGlobalSection
	GlobalSection(SolutionProperties) = preSolution
		HideSolutionNode = FALSE
	EndGlobalSection
	GlobalSection(MercurialSourceControlSolutionProperties) = preSolution
		SolutionIsControlled = True
		SolutionBindings = <Solution Location In Database>
	EndGlobalSection
EndGlobal
